[[package]]
name = "atomicwrites"
version = "1.4.1"
description = "Atomic file writes."
category = "dev"
optional = false
python-versions = ">=2.7, !=3.0.*, !=3.1.*, !=3.2.*, !=3.3.*"

[[package]]
name = "attrs"
version = "22.2.0"
description = "Classes Without Boilerplate"
category = "dev"
optional = false
python-versions = ">=3.6"

[package.extras]
cov = ["attrs", "coverage-enable-subprocess", "coverage[toml] (>=5.3)"]
dev = ["attrs"]
docs = ["furo", "sphinx", "myst-parser", "zope.interface", "sphinx-notfound-page", "sphinxcontrib-towncrier", "towncrier"]
tests = ["attrs", "zope.interface"]
tests-no-zope = ["hypothesis", "pympler", "pytest (>=4.3.0)", "pytest-xdist", "cloudpickle", "mypy (>=0.971,<0.990)", "pytest-mypy-plugins"]
tests_no_zope = ["hypothesis", "pympler", "pytest (>=4.3.0)", "pytest-xdist", "cloudpickle", "mypy (>=0.971,<0.990)", "pytest-mypy-plugins"]

[[package]]
name = "colorama"
version = "0.4.6"
description = "Cross-platform colored terminal text."
category = "dev"
optional = false
python-versions = "!=3.0.*,!=3.1.*,!=3.2.*,!=3.3.*,!=3.4.*,!=3.5.*,!=3.6.*,>=2.7"

[[package]]
name = "emoji"
version = "2.2.0"
description = "Emoji for Python"
category = "main"
optional = false
python-versions = ">=2.7, !=3.0.*, !=3.1.*, !=3.2.*, !=3.3.*"

[package.extras]
dev = ["pytest", "coverage", "coveralls"]

[[package]]
name = "more-itertools"
version = "9.1.0"
description = "More routines for operating on iterables, beyond itertools"
category = "dev"
optional = false
python-versions = ">=3.7"

[[package]]
name = "packaging"
version = "23.0"
description = "Core utilities for Python packages"
category = "dev"
optional = false
python-versions = ">=3.7"

[[package]]
name = "pluggy"
version = "0.13.1"
description = "plugin and hook calling mechanisms for python"
category = "dev"
optional = false
python-versions = ">=2.7, !=3.0.*, !=3.1.*, !=3.2.*, !=3.3.*"

[package.extras]
dev = ["pre-commit", "tox"]

[[package]]
name = "py"
version = "1.11.0"
description = "library with cross-python path, ini-parsing, io, code, log facilities"
category = "dev"
optional = false
python-versions = ">=2.7, !=3.0.*, !=3.1.*, !=3.2.*, !=3.3.*, !=3.4.*"

[[package]]
name = "pyqt5"
version = "5.15.9"
description = "Python bindings for the Qt cross platform application toolkit"
category = "main"
optional = false
python-versions = ">=3.7"

[package.dependencies]
PyQt5-Qt5 = ">=5.15.2"
PyQt5-sip = ">=12.11,<13"

[[package]]
name = "pyqt5-qt5"
version = "5.15.2"
description = "The subset of a Qt installation needed by PyQt5."
category = "main"
optional = false
python-versions = "*"

[[package]]
name = "pyqt5-sip"
version = "12.11.1"
description = "The sip module support for PyQt5"
category = "main"
optional = false
python-versions = ">=3.7"

[[package]]
name = "pytest"
version = "5.4.3"
description = "pytest: simple powerful testing with Python"
category = "dev"
optional = false
python-versions = ">=3.5"

[package.dependencies]
atomicwrites = {version = ">=1.0", markers = "sys_platform == \"win32\""}
attrs = ">=17.4.0"
colorama = {version = "*", markers = "sys_platform == \"win32\""}
more-itertools = ">=4.0.0"
packaging = "*"
pluggy = ">=0.12,<1.0"
py = ">=1.5.0"
wcwidth = "*"

[package.extras]
checkqa-mypy = ["mypy (==v0.761)"]
testing = ["argcomplete", "hypothesis (>=3.56)", "mock", "nose", "requests", "xmlschema"]

[[package]]
name = "wcwidth"
version = "0.2.6"
description = "Measures the displayed width of unicode strings in a terminal"
category = "dev"
optional = false
python-versions = "*"

[metadata]
lock-version = "1.1"
python-versions = "^3.9"
content-hash = "d13d1a56f0a28101a03f5d35f065f48a9afc16ac6bdb658469235c2a14308ec6"

[metadata.files]
atomicwrites = []
attrs = [
    {file = "attrs-22.2.0-py3-none-any.whl", hash = "sha256:29e95c7f6778868dbd49170f98f8818f78f3dc5e0e37c0b1f474e3561b240836"},
    {file = "attrs-22.2.0.tar.gz", hash = "sha256:c9227bfc2f01993c03f68db37d1d15c9690188323c067c641f1a35ca58185f99"},
]
colorama = []
emoji = [
    {file = "emoji-2.2.0.tar.gz", hash = "sha256:a2986c21e4aba6b9870df40ef487a17be863cb7778dcf1c01e25917b7cd210bb"},
]
more-itertools = [
    {file = "more-itertools-9.1.0.tar.gz", hash = "sha256:cabaa341ad0389ea83c17a94566a53ae4c9d07349861ecb14dc6d0345cf9ac5d"},
    {file = "more_itertools-9.1.0-py3-none-any.whl", hash = "sha256:d2bc7f02446e86a68911e58ded76d6561eea00cddfb2a91e7019bbb586c799f3"},
]
packaging = [
    {file = "packaging-23.0-py3-none-any.whl", hash = "sha256:714ac14496c3e68c99c29b00845f7a2b85f3bb6f1078fd9f72fd20f0570002b2"},
    {file = "packaging-23.0.tar.gz", hash = "sha256:b6ad297f8907de0fa2fe1ccbd26fdaf387f5f47c7275fedf8cce89f99446cf97"},
]
pluggy = []
py = []
pyqt5 = [
    {file = "PyQt5-5.15.9-cp37-abi3-macosx_10_13_x86_64.whl", hash = "sha256:883ba5c8a348be78c8be6a3d3ba014c798e679503bce00d76c666c2dc6afe828"},
    {file = "PyQt5-5.15.9-cp37-abi3-manylinux_2_17_x86_64.whl", hash = "sha256:dd5ce10e79fbf1df29507d2daf99270f2057cdd25e4de6fbf2052b46c652e3a5"},
    {file = "PyQt5-5.15.9-cp37-abi3-win32.whl", hash = "sha256:e45c5cc15d4fd26ab5cb0e5cdba60691a3e9086411f8e3662db07a5a4222a696"},
    {file = "PyQt5-5.15.9-cp37-abi3-win_amd64.whl", hash = "sha256:e030d795df4cbbfcf4f38b18e2e119bcc9e177ef658a5094b87bb16cac0ce4c5"},
    {file = "PyQt5-5.15.9.tar.gz", hash = "sha256:dc41e8401a90dc3e2b692b411bd5492ab559ae27a27424eed4bd3915564ec4c0"},
]
pyqt5-qt5 = []
pyqt5-sip = [
    {file = "PyQt5_sip-12.11.1-cp310-cp310-macosx_10_9_universal2.whl", hash = "sha256:a40a39a6136a90e10c31510295c2be924564fc6260691501cdde669bdc5edea5"},
    {file = "PyQt5_sip-12.11.1-cp310-cp310-manylinux_2_5_x86_64.manylinux1_x86_64.whl", hash = "sha256:19b06164793177146c7f7604fe8389f44221a7bde196f2182457eb3e4229fa88"},
    {file = "PyQt5_sip-12.11.1-cp310-cp310-win32.whl", hash = "sha256:3afb1d1c07adcfef5c8bb12356a2ec2ec094f324af4417735d43b1ecaf1bb1a4"},
    {file = "PyQt5_sip-12.11.1-cp310-cp310-win_amd64.whl", hash = "sha256:54dad6c2e5dab14e46f6822a889bbb1515bbd2061762273af10d26566d649bd9"},
    {file = "PyQt5_sip-12.11.1-cp311-cp311-macosx_10_9_universal2.whl", hash = "sha256:7218f6a1cefeb0b2fc26b89f15011f841aa4cd77786ccd863bf9792347fa38a8"},
    {file = "PyQt5_sip-12.11.1-cp311-cp311-manylinux_2_5_x86_64.manylinux1_x86_64.whl", hash = "sha256:6b1113538082a7dd63b908587f61ce28ba4c7b8341e801fdf305d53a50a878ab"},
    {file = "PyQt5_sip-12.11.1-cp311-cp311-win32.whl", hash = "sha256:ac5f7ed06213d3bb203e33037f7c1a0716584c21f4f0922dcc044750e3659b80"},
    {file = "PyQt5_sip-12.11.1-cp311-cp311-win_amd64.whl", hash = "sha256:4f0497e2f5eeaea9f5a67b0e55c501168efa86df4e53aace2a46498b87bc55c1"},
    {file = "PyQt5_sip-12.11.1-cp37-cp37m-macosx_10_9_x86_64.whl", hash = "sha256:b355d56483edc79dcba30be947a6b700856bb74beb90539e14cc4d92b9bad152"},
    {file = "PyQt5_sip-12.11.1-cp37-cp37m-manylinux_2_5_x86_64.manylinux1_x86_64.whl", hash = "sha256:dd163d9cffc4a56ebb9dd6908c0f0cb0caff8080294d41f4fb60fc3be63ca434"},
    {file = "PyQt5_sip-12.11.1-cp37-cp37m-win32.whl", hash = "sha256:b714f550ea6ddae94fd7acae531971e535f4a4e7277b62eb44e7c649cf3f03d0"},
    {file = "PyQt5_sip-12.11.1-cp37-cp37m-win_amd64.whl", hash = "sha256:d09b2586235deab7a5f2e28e4bde9a70c0b3730fa84f2590804a9932414136a3"},
    {file = "PyQt5_sip-12.11.1-cp38-cp38-macosx_10_9_x86_64.whl", hash = "sha256:9a6f9c058564d0ac573561036299f54c452ae78b7d2a65d7c2d01685e6dca50d"},
    {file = "PyQt5_sip-12.11.1-cp38-cp38-manylinux_2_5_x86_64.manylinux1_x86_64.whl", hash = "sha256:fc920c0e0d5050474d2d6282b478e4957548bf1dce58e1b0678914514dc70064"},
    {file = "PyQt5_sip-12.11.1-cp38-cp38-win32.whl", hash = "sha256:3358c584832f0ac9fd1ad3623d8a346c705f43414df1fcd0cb285a6ef51fec08"},
    {file = "PyQt5_sip-12.11.1-cp38-cp38-win_amd64.whl", hash = "sha256:f9691c6f4d899ca762dd54442a1be158c3e52017f583183da6ef37d5bae86595"},
    {file = "PyQt5_sip-12.11.1-cp39-cp39-macosx_10_9_universal2.whl", hash = "sha256:0bc81cb9e171d29302d393775f95cfa01b7a15f61b199ab1812976e5c4cb2cb9"},
    {file = "PyQt5_sip-12.11.1-cp39-cp39-manylinux_2_5_x86_64.manylinux1_x86_64.whl", hash = "sha256:b077fb4383536f51382f5516f0347328a4f338c6ccc4c268cc358643bef1b838"},
    {file = "PyQt5_sip-12.11.1-cp39-cp39-win32.whl", hash = "sha256:5c152878443c3e951d5db7df53509d444708dc06a121c267b548146be06b87f8"},
    {file = "PyQt5_sip-12.11.1-cp39-cp39-win_amd64.whl", hash = "sha256:bd935cc46dfdbb89c21042c1db2e46a71f25693af57272f146d6d9418e2934f1"},
    {file = "PyQt5_sip-12.11.1.tar.gz", hash = "sha256:97d3fbda0f61edb1be6529ec2d5c7202ae83aee4353e4b264a159f8c9ada4369"},
]
pytest = []
wcwidth = [
    {file = "wcwidth-0.2.6-py2.py3-none-any.whl", hash = "sha256:795b138f6875577cd91bba52baf9e445cd5118fd32723b460e30a0af30ea230e"},
    {file = "wcwidth-0.2.6.tar.gz", hash = "sha256:a5220780a404dbe3353789870978e472cfe477761f06ee55077256e509b156d0"},
]
